
Microsoft Visual Studio Solution File, Format Version 12.00
# Visual Studio Version 17
VisualStudioVersion = 17.9.34622.214
MinimumVisualStudioVersion = 10.0.40219.1
Project("{9A19103F-16F7-4668-BE54-9A1E7A4F7556}") = "Tests", "Tests\Tests.csproj", "{4F818A3E-3DE8-48AA-B34A-EF7FF810C024}"
EndProject
Project("{FAE04EC0-301F-11D3-BF4B-00C04F79EFBC}") = "PricingCalculator.Api", "PricingCalculator.Api\PricingCalculator.Api.csproj", "{610CC016-2CB3-4DB2-A884-C03BF5360F50}"
EndProject
Project("{FAE04EC0-301F-11D3-BF4B-00C04F79EFBC}") = "PricingCalculator.Service", "PricingCalculator.Service\PricingCalculator.Service.csproj", "{2585DDE6-5115-4F17-B333-B15B319C365B}"
EndProject
Global
	GlobalSection(SolutionConfigurationPlatforms) = preSolution
		Debug|Any CPU = Debug|Any CPU
		Release|Any CPU = Release|Any CPU
	EndGlobalSection
	GlobalSection(ProjectConfigurationPlatforms) = postSolution
		{4F818A3E-3DE8-48AA-B34A-EF7FF810C024}.Debug|Any CPU.ActiveCfg = Debug|Any CPU
		{4F818A3E-3DE8-48AA-B34A-EF7FF810C024}.Debug|Any CPU.Build.0 = Debug|Any CPU
		{4F818A3E-3DE8-48AA-B34A-EF7FF810C024}.Release|Any CPU.ActiveCfg = Release|Any CPU
		{4F818A3E-3DE8-48AA-B34A-EF7FF810C024}.Release|Any CPU.Build.0 = Release|Any CPU
		{610CC016-2CB3-4DB2-A884-C03BF5360F50}.Debug|Any CPU.ActiveCfg = Debug|Any CPU
		{610CC016-2CB3-4DB2-A884-C03BF5360F50}.Debug|Any CPU.Build.0 = Debug|Any CPU
		{610CC016-2CB3-4DB2-A884-C03BF5360F50}.Release|Any CPU.ActiveCfg = Release|Any CPU
		{610CC016-2CB3-4DB2-A884-C03BF5360F50}.Release|Any CPU.Build.0 = Release|Any CPU
		{2585DDE6-5115-4F17-B333-B15B319C365B}.Debug|Any CPU.ActiveCfg = Debug|Any CPU
		{2585DDE6-5115-4F17-B333-B15B319C365B}.Debug|Any CPU.Build.0 = Debug|Any CPU
		{2585DDE6-5115-4F17-B333-B15B319C365B}.Release|Any CPU.ActiveCfg = Release|Any CPU
		{2585DDE6-5115-4F17-B333-B15B319C365B}.Release|Any CPU.Build.0 = Release|Any CPU
	EndGlobalSection
	GlobalSection(SolutionProperties) = preSolution
		HideSolutionNode = FALSE
	EndGlobalSection
	GlobalSection(ExtensibilityGlobals) = postSolution
		SolutionGuid = {001E7BCB-3289-4757-94F1-801F4F970AE8}
	EndGlobalSection
EndGlobal
